// !$*UTF8*$!
{
	archiveVersion = 1;
	classes = {
	};
	objectVersion = 56;
	objects = {

/* Begin PBXBuildFile section */
		248EF6F32BA0B76800CB0504 /* AppDelegate.swift in Sources */ = {isa = PBXBuildFile; fileRef = 248EF6F22BA0B76800CB0504 /* AppDelegate.swift */; };
		248EF6F52BA0B76800CB0504 /* SceneDelegate.swift in Sources */ = {isa = PBXBuildFile; fileRef = 248EF6F42BA0B76800CB0504 /* SceneDelegate.swift */; };
		248EF6F72BA0B76800CB0504 /* ViewController.swift in Sources */ = {isa = PBXBuildFile; fileRef = 248EF6F62BA0B76800CB0504 /* ViewController.swift */; };
		248EF6FA2BA0B76800CB0504 /* Main.storyboard in Resources */ = {isa = PBXBuildFile; fileRef = 248EF6F82BA0B76800CB0504 /* Main.storyboard */; };
		248EF6FD2BA0B76800CB0504 /* CoreData_ToDoList_App.xcdatamodeld in Sources */ = {isa = PBXBuildFile; fileRef = 248EF6FB2BA0B76800CB0504 /* CoreData_ToDoList_App.xcdatamodeld */; };
		248EF6FF2BA0B76F00CB0504 /* Assets.xcassets in Resources */ = {isa = PBXBuildFile; fileRef = 248EF6FE2BA0B76F00CB0504 /* Assets.xcassets */; };
		248EF7022BA0B76F00CB0504 /* LaunchScreen.storyboard in Resources */ = {isa = PBXBuildFile; fileRef = 248EF7002BA0B76F00CB0504 /* LaunchScreen.storyboard */; };
		248EF70B2BA0B91400CB0504 /* ToDoListItem+CoreDataClass.swift in Sources */ = {isa = PBXBuildFile; fileRef = 248EF7092BA0B91400CB0504 /* ToDoListItem+CoreDataClass.swift */; };
		248EF70C2BA0B91400CB0504 /* ToDoListItem+CoreDataProperties.swift in Sources */ = {isa = PBXBuildFile; fileRef = 248EF70A2BA0B91400CB0504 /* ToDoListItem+CoreDataProperties.swift */; };
		248EF70F2BA0C30100CB0504 /* ItemTableViewCell.swift in Sources */ = {isa = PBXBuildFile; fileRef = 248EF70E2BA0C30100CB0504 /* ItemTableViewCell.swift */; };
/* End PBXBuildFile section */

/* Begin PBXFileReference section */
		248EF6EF2BA0B76800CB0504 /* CoreData ToDoList App.app */ = {isa = PBXFileReference; explicitFileType = wrapper.application; includeInIndex = 0; path = "CoreData ToDoList App.app"; sourceTree = BUILT_PRODUCTS_DIR; };
		248EF6F22BA0B76800CB0504 /* AppDelegate.swift */ = {isa = PBXFileReference; lastKnownFileType = sourcecode.swift; path = AppDelegate.swift; sourceTree = "<group>"; };
		248EF6F42BA0B76800CB0504 /* SceneDelegate.swift */ = {isa = PBXFileReference; lastKnownFileType = sourcecode.swift; path = SceneDelegate.swift; sourceTree = "<group>"; };
		248EF6F62BA0B76800CB0504 /* ViewController.swift */ = {isa = PBXFileReference; lastKnownFileType = sourcecode.swift; path = ViewController.swift; sourceTree = "<group>"; };
		248EF6F92BA0B76800CB0504 /* Base */ = {isa = PBXFileReference; lastKnownFileType = file.storyboard; name = Base; path = Base.lproj/Main.storyboard; sourceTree = "<group>"; };
		248EF6FC2BA0B76800CB0504 /* CoreData_ToDoList_App.xcdatamodel */ = {isa = PBXFileReference; lastKnownFileType = wrapper.xcdatamodel; path = CoreData_ToDoList_App.xcdatamodel; sourceTree = "<group>"; };
		248EF6FE2BA0B76F00CB0504 /* Assets.xcassets */ = {isa = PBXFileReference; lastKnownFileType = folder.assetcatalog; path = Assets.xcassets; sourceTree = "<group>"; };
		248EF7012BA0B76F00CB0504 /* Base */ = {isa = PBXFileReference; lastKnownFileType = file.storyboard; name = Base; path = Base.lproj/LaunchScreen.storyboard; sourceTree = "<group>"; };
		248EF7032BA0B76F00CB0504 /* Info.plist */ = {isa = PBXFileReference; lastKnownFileType = text.plist.xml; path = Info.plist; sourceTree = "<group>"; };
		248EF7092BA0B91400CB0504 /* ToDoListItem+CoreDataClass.swift */ = {isa = PBXFileReference; lastKnownFileType = sourcecode.swift; path = "ToDoListItem+CoreDataClass.swift"; sourceTree = "<group>"; };
		248EF70A2BA0B91400CB0504 /* ToDoListItem+CoreDataProperties.swift */ = {isa = PBXFileReference; lastKnownFileType = sourcecode.swift; path = "ToDoListItem+CoreDataProperties.swift"; sourceTree = "<group>"; };
		248EF70E2BA0C30100CB0504 /* ItemTableViewCell.swift */ = {isa = PBXFileReference; lastKnownFileType = sourcecode.swift; path = ItemTableViewCell.swift; sourceTree = "<group>"; };
/* End PBXFileReference section */

/* Begin PBXFrameworksBuildPhase section */
		248EF6EC2BA0B76800CB0504 /* Frameworks */ = {
			isa = PBXFrameworksBuildPhase;
			buildActionMask = 2147483647;
			files = (
			);
			runOnlyForDeploymentPostprocessing = 0;
		};
/* End PBXFrameworksBuildPhase section */

/* Begin PBXGroup section */
		248EF6E62BA0B76800CB0504 = {
			isa = PBXGroup;
			children = (
				248EF6F12BA0B76800CB0504 /* CoreData ToDoList App */,
				248EF6F02BA0B76800CB0504 /* Products */,
			);
			sourceTree = "<group>";
		};
		248EF6F02BA0B76800CB0504 /* Products */ = {
			isa = PBXGroup;
			children = (
				248EF6EF2BA0B76800CB0504 /* CoreData ToDoList App.app */,
			);
			name = Products;
			sourceTree = "<group>";
		};
		248EF6F12BA0B76800CB0504 /* CoreData ToDoList App */ = {
			isa = PBXGroup;
			children = (
				248EF70D2BA0B9CE00CB0504 /* ToDoListItem */,
				248EF6F22BA0B76800CB0504 /* AppDelegate.swift */,
				248EF6F42BA0B76800CB0504 /* SceneDelegate.swift */,
				248EF70E2BA0C30100CB0504 /* ItemTableViewCell.swift */,
				248EF6F62BA0B76800CB0504 /* ViewController.swift */,
				248EF6F82BA0B76800CB0504 /* Main.storyboard */,
				248EF6FE2BA0B76F00CB0504 /* Assets.xcassets */,
				248EF7002BA0B76F00CB0504 /* LaunchScreen.storyboard */,
				248EF7032BA0B76F00CB0504 /* Info.plist */,
				248EF6FB2BA0B76800CB0504 /* CoreData_ToDoList_App.xcdatamodeld */,
			);
			path = "CoreData ToDoList App";
			sourceTree = "<group>";
		};
		248EF70D2BA0B9CE00CB0504 /* ToDoListItem */ = {
			isa = PBXGroup;
			children = (
				248EF7092BA0B91400CB0504 /* ToDoListItem+CoreDataClass.swift */,
				248EF70A2BA0B91400CB0504 /* ToDoListItem+CoreDataProperties.swift */,
			);
			path = ToDoListItem;
			sourceTree = "<group>";
		};
/* End PBXGroup section */

/* Begin PBXNativeTarget section */
		248EF6EE2BA0B76800CB0504 /* CoreData ToDoList App */ = {
			isa = PBXNativeTarget;
			buildConfigurationList = 248EF7062BA0B76F00CB0504 /* Build configuration list for PBXNativeTarget "CoreData ToDoList App" */;
			buildPhases = (
				248EF6EB2BA0B76800CB0504 /* Sources */,
				248EF6EC2BA0B76800CB0504 /* Frameworks */,
				248EF6ED2BA0B76800CB0504 /* Resources */,
			);
			buildRules = (
			);
			dependencies = (
			);
			name = "CoreData ToDoList App";
			productName = "CoreData ToDoList App";
			productReference = 248EF6EF2BA0B76800CB0504 /* CoreData ToDoList App.app */;
			productType = "com.apple.product-type.application";
		};
/* End PBXNativeTarget section */

/* Begin PBXProject section */
		248EF6E72BA0B76800CB0504 /* Project object */ = {
			isa = PBXProject;
			attributes = {
				BuildIndependentTargetsInParallel = 1;
				LastSwiftUpdateCheck = 1420;
				LastUpgradeCheck = 1420;
				TargetAttributes = {
					248EF6EE2BA0B76800CB0504 = {
						CreatedOnToolsVersion = 14.2;
					};
				};
			};
			buildConfigurationList = 248EF6EA2BA0B76800CB0504 /* Build configuration list for PBXProject "CoreData ToDoList App" */;
			compatibilityVersion = "Xcode 14.0";
			developmentRegion = en;
			hasScannedForEncodings = 0;
			knownRegions = (
				en,
				Base,
			);
			mainGroup = 248EF6E62BA0B76800CB0504;
			productRefGroup = 248EF6F02BA0B76800CB0504 /* Products */;
			projectDirPath = "";
			projectRoot = "";
			targets = (
				248EF6EE2BA0B76800CB0504 /* CoreData ToDoList App */,
			);
		};
/* End PBXProject section */

/* Begin PBXResourcesBuildPhase section */
		248EF6ED2BA0B76800CB0504 /* Resources */ = {
			isa = PBXResourcesBuildPhase;
			buildActionMask = 2147483647;
			files = (
				248EF7022BA0B76F00CB0504 /* LaunchScreen.storyboard in Resources */,
				248EF6FF2BA0B76F00CB0504 /* Assets.xcassets in Resources */,
				248EF6FA2BA0B76800CB0504 /* Main.storyboard in Resources */,
			);
			runOnlyForDeploymentPostprocessing = 0;
		};
/* End PBXResourcesBuildPhase section */

/* Begin PBXSourcesBuildPhase section */
		248EF6EB2BA0B76800CB0504 /* Sources */ = {
			isa = PBXSourcesBuildPhase;
			buildActionMask = 2147483647;
			files = (
				248EF6F72BA0B76800CB0504 /* ViewController.swift in Sources */,
				248EF6F32BA0B76800CB0504 /* AppDelegate.swift in Sources */,
				248EF6FD2BA0B76800CB0504 /* CoreData_ToDoList_App.xcdatamodeld in Sources */,
				248EF70B2BA0B91400CB0504 /* ToDoListItem+CoreDataClass.swift in Sources */,
				248EF70C2BA0B91400CB0504 /* ToDoListItem+CoreDataProperties.swift in Sources */,
				248EF70F2BA0C30100CB0504 /* ItemTableViewCell.swift in Sources */,
				248EF6F52BA0B76800CB0504 /* SceneDelegate.swift in Sources */,
			);
			runOnlyForDeploymentPostprocessing = 0;
		};
/* End PBXSourcesBuildPhase section */

/* Begin PBXVariantGroup section */
		248EF6F82BA0B76800CB0504 /* Main.storyboard */ = {
			isa = PBXVariantGroup;
			children = (
				248EF6F92BA0B76800CB0504 /* Base */,
			);
			name = Main.storyboard;
			sourceTree = "<group>";
		};
		248EF7002BA0B76F00CB0504 /* LaunchScreen.storyboard */ = {
			isa = PBXVariantGroup;
			children = (
				248EF7012BA0B76F00CB0504 /* Base */,
			);
			name = LaunchScreen.storyboard;
			sourceTree = "<group>";
		};
/* End PBXVariantGroup section */

/* Begin XCBuildConfiguration section */
		248EF7042BA0B76F00CB0504 /* Debug */ = {
			isa = XCBuildConfiguration;
			buildSettings = {
				ALWAYS_SEARCH_USER_PATHS = NO;
				CLANG_ANALYZER_NONNULL = YES;
				CLANG_ANALYZER_NUMBER_OBJECT_CONVERSION = YES_AGGRESSIVE;
				CLANG_CXX_LANGUAGE_STANDARD = "gnu++20";
				CLANG_ENABLE_MODULES = YES;
				CLANG_ENABLE_OBJC_ARC = YES;
				CLANG_ENABLE_OBJC_WEAK = YES;
				CLANG_WARN_BLOCK_CAPTURE_AUTORELEASING = YES;
				CLANG_WARN_BOOL_CONVERSION = YES;
				CLANG_WARN_COMMA = YES;
				CLANG_WARN_CONSTANT_CONVERSION = YES;
				CLANG_WARN_DEPRECATED_OBJC_IMPLEMENTATIONS = YES;
				CLANG_WARN_DIRECT_OBJC_ISA_USAGE = YES_ERROR;
				CLANG_WARN_DOCUMENTATION_COMMENTS = YES;
				CLANG_WARN_EMPTY_BODY = YES;
				CLANG_WARN_ENUM_CONVERSION = YES;
				CLANG_WARN_INFINITE_RECURSION = YES;
				CLANG_WARN_INT_CONVERSION = YES;
				CLANG_WARN_NON_LITERAL_NULL_CONVERSION = YES;
				CLANG_WARN_OBJC_IMPLICIT_RETAIN_SELF = YES;
				CLANG_WARN_OBJC_LITERAL_CONVERSION = YES;
				CLANG_WARN_OBJC_ROOT_CLASS = YES_ERROR;
				CLANG_WARN_QUOTED_INCLUDE_IN_FRAMEWORK_HEADER = YES;
				CLANG_WARN_RANGE_LOOP_ANALYSIS = YES;
				CLANG_WARN_STRICT_PROTOTYPES = YES;
				CLANG_WARN_SUSPICIOUS_MOVE = YES;
				CLANG_WARN_UNGUARDED_AVAILABILITY = YES_AGGRESSIVE;
				CLANG_WARN_UNREACHABLE_CODE = YES;
				CLANG_WARN__DUPLICATE_METHOD_MATCH = YES;
				COPY_PHASE_STRIP = NO;
				DEBUG_INFORMATION_FORMAT = dwarf;
				ENABLE_STRICT_OBJC_MSGSEND = YES;
				ENABLE_TESTABILITY = YES;
				GCC_C_LANGUAGE_STANDARD = gnu11;
				GCC_DYNAMIC_NO_PIC = NO;
				GCC_NO_COMMON_BLOCKS = YES;
				GCC_OPTIMIZATION_LEVEL = 0;
				GCC_PREPROCESSOR_DEFINITIONS = (
					"DEBUG=1",
					"$(inherited)",
				);
				GCC_WARN_64_TO_32_BIT_CONVERSION = YES;
				GCC_WARN_ABOUT_RETURN_TYPE = YES_ERROR;
				GCC_WARN_UNDECLARED_SELECTOR = YES;
				GCC_WARN_UNINITIALIZED_AUTOS = YES_AGGRESSIVE;
				GCC_WARN_UNUSED_FUNCTION = YES;
				GCC_WARN_UNUSED_VARIABLE = YES;
				IPHONEOS_DEPLOYMENT_TARGET = 16.2;
				MTL_ENABLE_DEBUG_INFO = INCLUDE_SOURCE;
				MTL_FAST_MATH = YES;
				ONLY_ACTIVE_ARCH = YES;
				SDKROOT = iphoneos;
				SWIFT_ACTIVE_COMPILATION_CONDITIONS = DEBUG;
				SWIFT_OPTIMIZATION_LEVEL = "-Onone";
			};
			name = Debug;
		};
		248EF7052BA0B76F00CB0504 /* Release */ = {
			isa = XCBuildConfiguration;
			buildSettings = {
				ALWAYS_SEARCH_USER_PATHS = NO;
				CLANG_ANALYZER_NONNULL = YES;
				CLANG_ANALYZER_NUMBER_OBJECT_CONVERSION = YES_AGGRESSIVE;
				CLANG_CXX_LANGUAGE_STANDARD = "gnu++20";
				CLANG_ENABLE_MODULES = YES;
				CLANG_ENABLE_OBJC_ARC = YES;
				CLANG_ENABLE_OBJC_WEAK = YES;
				CLANG_WARN_BLOCK_CAPTURE_AUTORELEASING = YES;
				CLANG_WARN_BOOL_CONVERSION = YES;
				CLANG_WARN_COMMA = YES;
				CLANG_WARN_CONSTANT_CONVERSION = YES;
				CLANG_WARN_DEPRECATED_OBJC_IMPLEMENTATIONS = YES;
				CLANG_WARN_DIRECT_OBJC_ISA_USAGE = YES_ERROR;
				CLANG_WARN_DOCUMENTATION_COMMENTS = YES;
				CLANG_WARN_EMPTY_BODY = YES;
				CLANG_WARN_ENUM_CONVERSION = YES;
				CLANG_WARN_INFINITE_RECURSION = YES;
				CLANG_WARN_INT_CONVERSION = YES;
				CLANG_WARN_NON_LITERAL_NULL_CONVERSION = YES;
				CLANG_WARN_OBJC_IMPLICIT_RETAIN_SELF = YES;
				CLANG_WARN_OBJC_LITERAL_CONVERSION = YES;
				CLANG_WARN_OBJC_ROOT_CLASS = YES_ERROR;
				CLANG_WARN_QUOTED_INCLUDE_IN_FRAMEWORK_HEADER = YES;
				CLANG_WARN_RANGE_LOOP_ANALYSIS = YES;
				CLANG_WARN_STRICT_PROTOTYPES = YES;
				CLANG_WARN_SUSPICIOUS_MOVE = YES;
				CLANG_WARN_UNGUARDED_AVAILABILITY = YES_AGGRESSIVE;
				CLANG_WARN_UNREACHABLE_CODE = YES;
				CLANG_WARN__DUPLICATE_METHOD_MATCH = YES;
				COPY_PHASE_STRIP = NO;
				DEBUG_INFORMATION_FORMAT = "dwarf-with-dsym";
				ENABLE_NS_ASSERTIONS = NO;
				ENABLE_STRICT_OBJC_MSGSEND = YES;
				GCC_C_LANGUAGE_STANDARD = gnu11;
				GCC_NO_COMMON_BLOCKS = YES;
				GCC_WARN_64_TO_32_BIT_CONVERSION = YES;
				GCC_WARN_ABOUT_RETURN_TYPE = YES_ERROR;
				GCC_WARN_UNDECLARED_SELECTOR = YES;
				GCC_WARN_UNINITIALIZED_AUTOS = YES_AGGRESSIVE;
				GCC_WARN_UNUSED_FUNCTION = YES;
				GCC_WARN_UNUSED_VARIABLE = YES;
				IPHONEOS_DEPLOYMENT_TARGET = 16.2;
				MTL_ENABLE_DEBUG_INFO = NO;
				MTL_FAST_MATH = YES;
				SDKROOT = iphoneos;
				SWIFT_COMPILATION_MODE = wholemodule;
				SWIFT_OPTIMIZATION_LEVEL = "-O";
				VALIDATE_PRODUCT = YES;
			};
			name = Release;
		};
		248EF7072BA0B76F00CB0504 /* Debug */ = {
			isa = XCBuildConfiguration;
			buildSettings = {
				ASSETCATALOG_COMPILER_APPICON_NAME = AppIcon;
				ASSETCATALOG_COMPILER_GLOBAL_ACCENT_COLOR_NAME = AccentColor;
				CODE_SIGN_STYLE = Automatic;
				CURRENT_PROJECT_VERSION = 1;
				DEVELOPMENT_TEAM = "";
				GENERATE_INFOPLIST_FILE = YES;
				INFOPLIST_FILE = "CoreData ToDoList App/Info.plist";
				INFOPLIST_KEY_UIApplicationSupportsIndirectInputEvents = YES;
				INFOPLIST_KEY_UILaunchStoryboardName = LaunchScreen;
				INFOPLIST_KEY_UIMainStoryboardFile = Main;
				INFOPLIST_KEY_UISupportedInterfaceOrientations_iPad = "UIInterfaceOrientationPortrait UIInterfaceOrientationPortraitUpsideDown UIInterfaceOrientationLandscapeLeft UIInterfaceOrientationLandscapeRight";
				INFOPLIST_KEY_UISupportedInterfaceOrientations_iPhone = "UIInterfaceOrientationPortrait UIInterfaceOrientationLandscapeLeft UIInterfaceOrientationLandscapeRight";
				IPHONEOS_DEPLOYMENT_TARGET = 16.2;
				LD_RUNPATH_SEARCH_PATHS = (
					"$(inherited)",
					"@executable_path/Frameworks",
				);
				MARKETING_VERSION = 1.0;
				PRODUCT_BUNDLE_IDENTIFIER = "com.irvinakocan.CoreData-ToDoList-App";
				PRODUCT_NAME = "$(TARGET_NAME)";
				SWIFT_EMIT_LOC_STRINGS = YES;
				SWIFT_VERSION = 5.0;
				TARGETED_DEVICE_FAMILY = "1,2";
			};
			name = Debug;
		};
		248EF7082BA0B76F00CB0504 /* Release */ = {
			isa = XCBuildConfiguration;
			buildSettings = {
				ASSETCATALOG_COMPILER_APPICON_NAME = AppIcon;
				ASSETCATALOG_COMPILER_GLOBAL_ACCENT_COLOR_NAME = AccentColor;
				CODE_SIGN_STYLE = Automatic;
				CURRENT_PROJECT_VERSION = 1;
				DEVELOPMENT_TEAM = "";
				GENERATE_INFOPLIST_FILE = YES;
				INFOPLIST_FILE = "CoreData ToDoList App/Info.plist";
				INFOPLIST_KEY_UIApplicationSupportsIndirectInputEvents = YES;
				INFOPLIST_KEY_UILaunchStoryboardName = LaunchScreen;
				INFOPLIST_KEY_UIMainStoryboardFile = Main;
				INFOPLIST_KEY_UISupportedInterfaceOrientations_iPad = "UIInterfaceOrientationPortrait UIInterfaceOrientationPortraitUpsideDown UIInterfaceOrientationLandscapeLeft UIInterfaceOrientationLandscapeRight";
				INFOPLIST_KEY_UISupportedInterfaceOrientations_iPhone = "UIInterfaceOrientationPortrait UIInterfaceOrientationLandscapeLeft UIInterfaceOrientationLandscapeRight";
				IPHONEOS_DEPLOYMENT_TARGET = 16.2;
				LD_RUNPATH_SEARCH_PATHS = (
					"$(inherited)",
					"@executable_path/Frameworks",
				);
				MARKETING_VERSION = 1.0;
				PRODUCT_BUNDLE_IDENTIFIER = "com.irvinakocan.CoreData-ToDoList-App";
				PRODUCT_NAME = "$(TARGET_NAME)";
				SWIFT_EMIT_LOC_STRINGS = YES;
				SWIFT_VERSION = 5.0;
				TARGETED_DEVICE_FAMILY = "1,2";
			};
			name = Release;
		};
/* End XCBuildConfiguration section */

/* Begin XCConfigurationList section */
		248EF6EA2BA0B76800CB0504 /* Build configuration list for PBXProject "CoreData ToDoList App" */ = {
			isa = XCConfigurationList;
			buildConfigurations = (
				248EF7042BA0B76F00CB0504 /* Debug */,
				248EF7052BA0B76F00CB0504 /* Release */,
			);
			defaultConfigurationIsVisible = 0;
			defaultConfigurationName = Release;
		};
		248EF7062BA0B76F00CB0504 /* Build configuration list for PBXNativeTarget "CoreData ToDoList App" */ = {
			isa = XCConfigurationList;
			buildConfigurations = (
				248EF7072BA0B76F00CB0504 /* Debug */,
				248EF7082BA0B76F00CB0504 /* Release */,
			);
			defaultConfigurationIsVisible = 0;
			defaultConfigurationName = Release;
		};
/* End XCConfigurationList section */

/* Begin XCVersionGroup section */
		248EF6FB2BA0B76800CB0504 /* CoreData_ToDoList_App.xcdatamodeld */ = {
			isa = XCVersionGroup;
			children = (
				248EF6FC2BA0B76800CB0504 /* CoreData_ToDoList_App.xcdatamodel */,
			);
			currentVersion = 248EF6FC2BA0B76800CB0504 /* CoreData_ToDoList_App.xcdatamodel */;
			path = CoreData_ToDoList_App.xcdatamodeld;
			sourceTree = "<group>";
			versionGroupType = wrapper.xcdatamodel;
		};
/* End XCVersionGroup section */
	};
	rootObject = 248EF6E72BA0B76800CB0504 /* Project object */;
}
